
Microsoft Visual Studio Solution File, Format Version 12.00
# Visual Studio Version 16
VisualStudioVersion = 16.0.29613.14
MinimumVisualStudioVersion = 10.0.40219.1
Project("{8BC9CEB8-8B4A-11D0-8D11-00A0C91BC942}") = "Jump Search", "Jump Search\Jump Search.vcxproj", "{EF520FFD-AB3E-4BB3-9C4A-96F9497F174E}"
EndProject
Global
	GlobalSection(SolutionConfigurationPlatforms) = preSolution
		Debug|x64 = Debug|x64
		Debug|x86 = Debug|x86
		Release|x64 = Release|x64
		Release|x86 = Release|x86
	EndGlobalSection
	GlobalSection(ProjectConfigurationPlatforms) = postSolution
		{EF520FFD-AB3E-4BB3-9C4A-96F9497F174E}.Debug|x64.ActiveCfg = Debug|x64
		{EF520FFD-AB3E-4BB3-9C4A-96F9497F174E}.Debug|x64.Build.0 = Debug|x64
		{EF520FFD-AB3E-4BB3-9C4A-96F9497F174E}.Debug|x86.ActiveCfg = Debug|Win32
		{EF520FFD-AB3E-4BB3-9C4A-96F9497F174E}.Debug|x86.Build.0 = Debug|Win32
		{EF520FFD-AB3E-4BB3-9C4A-96F9497F174E}.Release|x64.ActiveCfg = Release|x64
		{EF520FFD-AB3E-4BB3-9C4A-96F9497F174E}.Release|x64.Build.0 = Release|x64
		{EF520FFD-AB3E-4BB3-9C4A-96F9497F174E}.Release|x86.ActiveCfg = Release|Win32
		{EF520FFD-AB3E-4BB3-9C4A-96F9497F174E}.Release|x86.Build.0 = Release|Win32
	EndGlobalSection
	GlobalSection(SolutionProperties) = preSolution
		HideSolutionNode = FALSE
	EndGlobalSection
	GlobalSection(ExtensibilityGlobals) = postSolution
		SolutionGuid = {84C96C76-E2B1-46B5-80A2-669AC185E44D}
	EndGlobalSection
EndGlobal
